// !$*UTF8*$!
{
	archiveVersion = 1;
	classes = {
	};
	objectVersion = 46;
	objects = {

/* Begin PBXBuildFile section */
		604893BB1B2924D3000193DE /* NavigationViewController.m in Sources */ = {isa = PBXBuildFile; fileRef = 604893BA1B2924D3000193DE /* NavigationViewController.m */; };
		604893BF1B292534000193DE /* HomeViewController.mm in Sources */ = {isa = PBXBuildFile; fileRef = 604893BD1B292534000193DE /* HomeViewController.mm */; };
		604893C01B292534000193DE /* HomeViewController.xib in Resources */ = {isa = PBXBuildFile; fileRef = 604893BE1B292534000193DE /* HomeViewController.xib */; };
		604893C41B292589000193DE /* ProfileViewController.m in Sources */ = {isa = PBXBuildFile; fileRef = 604893C21B292589000193DE /* ProfileViewController.m */; };
		604893C51B292589000193DE /* ProfileViewController.xib in Resources */ = {isa = PBXBuildFile; fileRef = 604893C31B292589000193DE /* ProfileViewController.xib */; };
		604893F41B2930AC000193DE /* UIKit.framework in Frameworks */ = {isa = PBXBuildFile; fileRef = 604893F31B2930AC000193DE /* UIKit.framework */; };
		604893F71B2930BE000193DE /* CoreGraphics.framework in Frameworks */ = {isa = PBXBuildFile; fileRef = 604893F51B2930BE000193DE /* CoreGraphics.framework */; };
		604893F81B2930BE000193DE /* Foundation.framework in Frameworks */ = {isa = PBXBuildFile; fileRef = 604893F61B2930BE000193DE /* Foundation.framework */; };
		604893FB1B293EB8000193DE /* MapKit.framework in Frameworks */ = {isa = PBXBuildFile; fileRef = 604893FA1B293EB8000193DE /* MapKit.framework */; };
		604893FD1B293FF9000193DE /* BaiduMapAPI.framework in Frameworks */ = {isa = PBXBuildFile; fileRef = 604893FC1B293FF9000193DE /* BaiduMapAPI.framework */; };
		604894031B294075000193DE /* CoreLocation.framework in Frameworks */ = {isa = PBXBuildFile; fileRef = 604893FE1B294075000193DE /* CoreLocation.framework */; };
		604894041B294075000193DE /* OpenGLES.framework in Frameworks */ = {isa = PBXBuildFile; fileRef = 604893FF1B294075000193DE /* OpenGLES.framework */; };
		604894051B294075000193DE /* QuartzCore.framework in Frameworks */ = {isa = PBXBuildFile; fileRef = 604894001B294075000193DE /* QuartzCore.framework */; };
		604894061B294075000193DE /* Security.framework in Frameworks */ = {isa = PBXBuildFile; fileRef = 604894011B294075000193DE /* Security.framework */; };
		604894071B294075000193DE /* SystemConfiguration.framework in Frameworks */ = {isa = PBXBuildFile; fileRef = 604894021B294075000193DE /* SystemConfiguration.framework */; };
		604894091B2940C2000193DE /* mapapi.bundle in Resources */ = {isa = PBXBuildFile; fileRef = 604894081B2940C2000193DE /* mapapi.bundle */; };
		606B74ED1B5743CB0091E718 /* Images.xcassets in Resources */ = {isa = PBXBuildFile; fileRef = 606B74EC1B5743CB0091E718 /* Images.xcassets */; };
		606B75091B574ABE0091E718 /* UMSocialLocalizable.strings in Resources */ = {isa = PBXBuildFile; fileRef = 606B74EF1B574ABE0091E718 /* UMSocialLocalizable.strings */; };
		606B750A1B574ABE0091E718 /* libUMSocial_Sdk_4.2.3.a in Frameworks */ = {isa = PBXBuildFile; fileRef = 606B74FD1B574ABE0091E718 /* libUMSocial_Sdk_4.2.3.a */; };
		606B750B1B574ABE0091E718 /* UMSCommentDetailController.xib in Resources */ = {isa = PBXBuildFile; fileRef = 606B74FF1B574ABE0091E718 /* UMSCommentDetailController.xib */; };
		606B750C1B574ABE0091E718 /* UMSCommentInputController.xib in Resources */ = {isa = PBXBuildFile; fileRef = 606B75001B574ABE0091E718 /* UMSCommentInputController.xib */; };
		606B750D1B574ABE0091E718 /* UMSCommentInputControlleriPad.xib in Resources */ = {isa = PBXBuildFile; fileRef = 606B75011B574ABE0091E718 /* UMSCommentInputControlleriPad.xib */; };
		606B750E1B574ABE0091E718 /* UMShareEditViewController.xib in Resources */ = {isa = PBXBuildFile; fileRef = 606B75021B574ABE0091E718 /* UMShareEditViewController.xib */; };
		606B750F1B574ABE0091E718 /* UMShareEditViewControlleriPad.xib in Resources */ = {isa = PBXBuildFile; fileRef = 606B75031B574ABE0091E718 /* UMShareEditViewControlleriPad.xib */; };
		606B75101B574ABE0091E718 /* UMSLoginViewController.xib in Resources */ = {isa = PBXBuildFile; fileRef = 606B75041B574ABE0091E718 /* UMSLoginViewController.xib */; };
		606B75111B574ABE0091E718 /* UMSnsAccountViewController.xib in Resources */ = {isa = PBXBuildFile; fileRef = 606B75051B574ABE0091E718 /* UMSnsAccountViewController.xib */; };
		606B75121B574ABE0091E718 /* UMSShareListController.xib in Resources */ = {isa = PBXBuildFile; fileRef = 606B75061B574ABE0091E718 /* UMSShareListController.xib */; };
		606B75131B574ABE0091E718 /* UMSocialSDKResourcesNew.bundle in Resources */ = {isa = PBXBuildFile; fileRef = 606B75071B574ABE0091E718 /* UMSocialSDKResourcesNew.bundle */; };
		606B75191B574BD20091E718 /* CoreTelephony.framework in Frameworks */ = {isa = PBXBuildFile; fileRef = 606B75141B574BD20091E718 /* CoreTelephony.framework */; };
		606B751A1B574BD20091E718 /* libiconv.dylib in Frameworks */ = {isa = PBXBuildFile; fileRef = 606B75151B574BD20091E718 /* libiconv.dylib */; };
		606B751B1B574BD20091E718 /* libsqlite3.dylib in Frameworks */ = {isa = PBXBuildFile; fileRef = 606B75161B574BD20091E718 /* libsqlite3.dylib */; };
		606B751C1B574BD20091E718 /* libstdc++.dylib in Frameworks */ = {isa = PBXBuildFile; fileRef = 606B75171B574BD20091E718 /* libstdc++.dylib */; };
		606B751D1B574BD20091E718 /* libz.dylib in Frameworks */ = {isa = PBXBuildFile; fileRef = 606B75181B574BD20091E718 /* libz.dylib */; };
		606B752D1B5750420091E718 /* libSocialSina.a in Frameworks */ = {isa = PBXBuildFile; fileRef = 606B75201B5750420091E718 /* libSocialSina.a */; };
		606B752E1B5750420091E718 /* libSocialQQ.a in Frameworks */ = {isa = PBXBuildFile; fileRef = 606B75231B5750420091E718 /* libSocialQQ.a */; };
		606B752F1B5750420091E718 /* TencentOpenAPI.framework in Frameworks */ = {isa = PBXBuildFile; fileRef = 606B75241B5750420091E718 /* TencentOpenAPI.framework */; };
		606B75301B5750430091E718 /* TencentOpenApi_IOS_Bundle.bundle in Resources */ = {isa = PBXBuildFile; fileRef = 606B75251B5750420091E718 /* TencentOpenApi_IOS_Bundle.bundle */; };
		606B75311B5750430091E718 /* libSocialWechat.a in Frameworks */ = {isa = PBXBuildFile; fileRef = 606B75281B5750420091E718 /* libSocialWechat.a */; };
		606B75321B5750430091E718 /* libWeChatSDK.a in Frameworks */ = {isa = PBXBuildFile; fileRef = 606B75291B5750420091E718 /* libWeChatSDK.a */; };
		606B75401B5750570091E718 /* iOS-social-analytics-releasenote.html in Resources */ = {isa = PBXBuildFile; fileRef = 606B75341B5750570091E718 /* iOS-social-analytics-releasenote.html */; };
		606B75411B5750570091E718 /* iOS-social-releasenote.html in Resources */ = {isa = PBXBuildFile; fileRef = 606B75351B5750570091E718 /* iOS-social-releasenote.html */; };
		606B75421B5750570091E718 /* ios-social-sdk-comment-detail.html in Resources */ = {isa = PBXBuildFile; fileRef = 606B75361B5750570091E718 /* ios-social-sdk-comment-detail.html */; };
		606B75431B5750570091E718 /* ios-social-sdk-comment-quick.html in Resources */ = {isa = PBXBuildFile; fileRef = 606B75371B5750570091E718 /* ios-social-sdk-comment-quick.html */; };
		606B75441B5750570091E718 /* ios-social-sdk-like.html in Resources */ = {isa = PBXBuildFile; fileRef = 606B75381B5750570091E718 /* ios-social-sdk-like.html */; };
		606B75451B5750570091E718 /* ios-social-sdk-login-detail.html in Resources */ = {isa = PBXBuildFile; fileRef = 606B75391B5750570091E718 /* ios-social-sdk-login-detail.html */; };
		606B75461B5750570091E718 /* ios-social-sdk-login-quick.html in Resources */ = {isa = PBXBuildFile; fileRef = 606B753A1B5750570091E718 /* ios-social-sdk-login-quick.html */; };
		606B75471B5750570091E718 /* ios-social-sdk-shake.html in Resources */ = {isa = PBXBuildFile; fileRef = 606B753B1B5750570091E718 /* ios-social-sdk-shake.html */; };
		606B75481B5750570091E718 /* ios-social-sdk-share-detail.html in Resources */ = {isa = PBXBuildFile; fileRef = 606B753C1B5750570091E718 /* ios-social-sdk-share-detail.html */; };
		606B75491B5750570091E718 /* ios-social-sdk-share-quick.html in Resources */ = {isa = PBXBuildFile; fileRef = 606B753D1B5750570091E718 /* ios-social-sdk-share-quick.html */; };
		606B754A1B5750570091E718 /* ios-social-sdk-socialBar.html in Resources */ = {isa = PBXBuildFile; fileRef = 606B753E1B5750570091E718 /* ios-social-sdk-socialBar.html */; };
		606B754B1B5750570091E718 /* markdown.css in Resources */ = {isa = PBXBuildFile; fileRef = 606B753F1B5750570091E718 /* markdown.css */; };
		60D7C40B1B29172600FEECD6 /* main.m in Sources */ = {isa = PBXBuildFile; fileRef = 60D7C40A1B29172600FEECD6 /* main.m */; };
		60D7C40E1B29172600FEECD6 /* AppDelegate.m in Sources */ = {isa = PBXBuildFile; fileRef = 60D7C40D1B29172600FEECD6 /* AppDelegate.m */; };
		60D7C4251B29172600FEECD6 /* ShareBarrierFreeTests.m in Sources */ = {isa = PBXBuildFile; fileRef = 60D7C4241B29172600FEECD6 /* ShareBarrierFreeTests.m */; };
		60D7C4301B291AB600FEECD6 /* Podfile in Resources */ = {isa = PBXBuildFile; fileRef = 60D7C42F1B291AB600FEECD6 /* Podfile */; };
		60E6CB801B2A66AE00323CE4 /* AddTagViewController.m in Sources */ = {isa = PBXBuildFile; fileRef = 60E6CB7E1B2A66AE00323CE4 /* AddTagViewController.m */; };
		60E6CB811B2A66AE00323CE4 /* AddTagViewController.xib in Resources */ = {isa = PBXBuildFile; fileRef = 60E6CB7F1B2A66AE00323CE4 /* AddTagViewController.xib */; };
		60E6CB871B2AAC7B00323CE4 /* TagDetailViewController.m in Sources */ = {isa = PBXBuildFile; fileRef = 60E6CB851B2AAC7B00323CE4 /* TagDetailViewController.m */; };
		60E6CB881B2AAC7B00323CE4 /* TagDetailViewController.xib in Resources */ = {isa = PBXBuildFile; fileRef = 60E6CB861B2AAC7B00323CE4 /* TagDetailViewController.xib */; };
		60E6CB8D1B2E6BBC00323CE4 /* ProgressHUD.bundle in Resources */ = {isa = PBXBuildFile; fileRef = 60E6CB8A1B2E6BBC00323CE4 /* ProgressHUD.bundle */; };
		60E6CB8E1B2E6BBC00323CE4 /* ProgressHUD.m in Sources */ = {isa = PBXBuildFile; fileRef = 60E6CB8C1B2E6BBC00323CE4 /* ProgressHUD.m */; };
		60E6CB921B2E76B800323CE4 /* RootController.m in Sources */ = {isa = PBXBuildFile; fileRef = 60E6CB911B2E76B800323CE4 /* RootController.m */; };
		60E6CB9B1B2E771C00323CE4 /* LoginViewController.m in Sources */ = {isa = PBXBuildFile; fileRef = 60E6CB991B2E771C00323CE4 /* LoginViewController.m */; };
		60E6CB9C1B2E771C00323CE4 /* LoginViewController.xib in Resources */ = {isa = PBXBuildFile; fileRef = 60E6CB9A1B2E771C00323CE4 /* LoginViewController.xib */; };
		60E6CBA31B2E77D200323CE4 /* ShareBarrierFreeAPIS.m in Sources */ = {isa = PBXBuildFile; fileRef = 60E6CBA21B2E77D200323CE4 /* ShareBarrierFreeAPIS.m */; };
		60E6CBA51B2E85D600323CE4 /* Settings.bundle in Resources */ = {isa = PBXBuildFile; fileRef = 60E6CBA41B2E85D600323CE4 /* Settings.bundle */; };
		60E6CBB71B2E8D3700323CE4 /* LJCommonArrowItem.m in Sources */ = {isa = PBXBuildFile; fileRef = 60E6CBA81B2E8D3700323CE4 /* LJCommonArrowItem.m */; };
		60E6CBB81B2E8D3700323CE4 /* LJCommonSwitchItem.m in Sources */ = {isa = PBXBuildFile; fileRef = 60E6CBAA1B2E8D3700323CE4 /* LJCommonSwitchItem.m */; };
		60E6CBB91B2E8D3700323CE4 /* LJCommonLabelItem.m in Sources */ = {isa = PBXBuildFile; fileRef = 60E6CBAC1B2E8D3700323CE4 /* LJCommonLabelItem.m */; };
		60E6CBBA1B2E8D3700323CE4 /* LJBadgeView.m in Sources */ = {isa = PBXBuildFile; fileRef = 60E6CBAE1B2E8D3700323CE4 /* LJBadgeView.m */; };
		60E6CBBB1B2E8D3700323CE4 /* LJCommonGroup.m in Sources */ = {isa = PBXBuildFile; fileRef = 60E6CBB01B2E8D3700323CE4 /* LJCommonGroup.m */; };
		60E6CBBC1B2E8D3700323CE4 /* LJCommonItem.m in Sources */ = {isa = PBXBuildFile; fileRef = 60E6CBB21B2E8D3700323CE4 /* LJCommonItem.m */; };
		60E6CBBD1B2E8D3700323CE4 /* LJCommonCell.m in Sources */ = {isa = PBXBuildFile; fileRef = 60E6CBB41B2E8D3700323CE4 /* LJCommonCell.m */; };
		60E6CBBE1B2E8D3700323CE4 /* LJCommonViewController.m in Sources */ = {isa = PBXBuildFile; fileRef = 60E6CBB61B2E8D3700323CE4 /* LJCommonViewController.m */; };
		60E6CBC41B325A2900323CE4 /* LocationInfo.m in Sources */ = {isa = PBXBuildFile; fileRef = 60E6CBC31B325A2900323CE4 /* LocationInfo.m */; };
		60E6CBC81B40E81700323CE4 /* RegisterViewController.m in Sources */ = {isa = PBXBuildFile; fileRef = 60E6CBC61B40E81700323CE4 /* RegisterViewController.m */; };
		60E6CBC91B40E81700323CE4 /* RegisterViewController.xib in Resources */ = {isa = PBXBuildFile; fileRef = 60E6CBC71B40E81700323CE4 /* RegisterViewController.xib */; };
		60E6CBCC1B41178E00323CE4 /* User.m in Sources */ = {isa = PBXBuildFile; fileRef = 60E6CBCB1B41178E00323CE4 /* User.m */; };
		60E6CBD41B4127BF00323CE4 /* GVUserDefaults+Properties.m in Sources */ = {isa = PBXBuildFile; fileRef = 60E6CBD31B4127BF00323CE4 /* GVUserDefaults+Properties.m */; };
		60E6CBD81B413CCE00323CE4 /* ActivityViewController.m in Sources */ = {isa = PBXBuildFile; fileRef = 60E6CBD61B413CCE00323CE4 /* ActivityViewController.m */; };
		60E6CBD91B413CCE00323CE4 /* ActivityViewController.xib in Resources */ = {isa = PBXBuildFile; fileRef = 60E6CBD71B413CCE00323CE4 /* ActivityViewController.xib */; };
		60E6CBDF1B415A4000323CE4 /* Moment.m in Sources */ = {isa = PBXBuildFile; fileRef = 60E6CBDE1B415A4000323CE4 /* Moment.m */; };
		60E6CBE31B4256D100323CE4 /* UserDetailViewController.m in Sources */ = {isa = PBXBuildFile; fileRef = 60E6CBE11B4256D100323CE4 /* UserDetailViewController.m */; };
		60E6CBE41B4256D100323CE4 /* UserDetailViewController.xib in Resources */ = {isa = PBXBuildFile; fileRef = 60E6CBE21B4256D100323CE4 /* UserDetailViewController.xib */; };
		60E6CBE61B440B5B00323CE4 /* Default-568h@2x.png in Resources */ = {isa = PBXBuildFile; fileRef = 60E6CBE51B440B5B00323CE4 /* Default-568h@2x.png */; };
		E4361D49171EE395F5B92260 /* libPods.a in Frameworks */ = {isa = PBXBuildFile; fileRef = 0C425762EC8C1432813180DE /* libPods.a */; settings = {ATTRIBUTES = (Required, ); }; };
/* End PBXBuildFile section */

/* Begin PBXContainerItemProxy section */
		60D7C41F1B29172600FEECD6 /* PBXContainerItemProxy */ = {
			isa = PBXContainerItemProxy;
			containerPortal = 60D7C3FD1B29172600FEECD6 /* Project object */;
			proxyType = 1;
			remoteGlobalIDString = 60D7C4041B29172600FEECD6;
			remoteInfo = ShareBarrierFree;
		};
/* End PBXContainerItemProxy section */

/* Begin PBXFileReference section */
		0C425762EC8C1432813180DE /* libPods.a */ = {isa = PBXFileReference; explicitFileType = archive.ar; includeInIndex = 0; path = libPods.a; sourceTree = BUILT_PRODUCTS_DIR; };
		214E426890632EDE1A26C7B8 /* Pods.debug.xcconfig */ = {isa = PBXFileReference; includeInIndex = 1; lastKnownFileType = text.xcconfig; name = Pods.debug.xcconfig; path = "Pods/Target Support Files/Pods/Pods.debug.xcconfig"; sourceTree = "<group>"; };
		604893B91B2924D3000193DE /* NavigationViewController.h */ = {isa = PBXFileReference; fileEncoding = 4; lastKnownFileType = sourcecode.c.h; path = NavigationViewController.h; sourceTree = "<group>"; };
		604893BA1B2924D3000193DE /* NavigationViewController.m */ = {isa = PBXFileReference; fileEncoding = 4; lastKnownFileType = sourcecode.c.objc; path = NavigationViewController.m; sourceTree = "<group>"; };
		604893BC1B292534000193DE /* HomeViewController.h */ = {isa = PBXFileReference; fileEncoding = 4; lastKnownFileType = sourcecode.c.h; path = HomeViewController.h; sourceTree = "<group>"; };
		604893BD1B292534000193DE /* HomeViewController.mm */ = {isa = PBXFileReference; fileEncoding = 4; lastKnownFileType = sourcecode.cpp.objcpp; path = HomeViewController.mm; sourceTree = "<group>"; };
		604893BE1B292534000193DE /* HomeViewController.xib */ = {isa = PBXFileReference; fileEncoding = 4; lastKnownFileType = file.xib; path = HomeViewController.xib; sourceTree = "<group>"; };
		604893C11B292589000193DE /* ProfileViewController.h */ = {isa = PBXFileReference; fileEncoding = 4; lastKnownFileType = sourcecode.c.h; path = ProfileViewController.h; sourceTree = "<group>"; };
		604893C21B292589000193DE /* ProfileViewController.m */ = {isa = PBXFileReference; fileEncoding = 4; lastKnownFileType = sourcecode.c.objc; path = ProfileViewController.m; sourceTree = "<group>"; };
		604893C31B292589000193DE /* ProfileViewController.xib */ = {isa = PBXFileReference; fileEncoding = 4; lastKnownFileType = file.xib; path = ProfileViewController.xib; sourceTree = "<group>"; };
		604893F31B2930AC000193DE /* UIKit.framework */ = {isa = PBXFileReference; lastKnownFileType = wrapper.framework; name = UIKit.framework; path = System/Library/Frameworks/UIKit.framework; sourceTree = SDKROOT; };
		604893F51B2930BE000193DE /* CoreGraphics.framework */ = {isa = PBXFileReference; lastKnownFileType = wrapper.framework; name = CoreGraphics.framework; path = System/Library/Frameworks/CoreGraphics.framework; sourceTree = SDKROOT; };
		604893F61B2930BE000193DE /* Foundation.framework */ = {isa = PBXFileReference; lastKnownFileType = wrapper.framework; name = Foundation.framework; path = System/Library/Frameworks/Foundation.framework; sourceTree = SDKROOT; };
		604893F91B2930D7000193DE /* ShareBarrierFree-Prefix.pch */ = {isa = PBXFileReference; fileEncoding = 4; lastKnownFileType = sourcecode.c.h; path = "ShareBarrierFree-Prefix.pch"; sourceTree = "<group>"; };
		604893FA1B293EB8000193DE /* MapKit.framework */ = {isa = PBXFileReference; lastKnownFileType = wrapper.framework; name = MapKit.framework; path = System/Library/Frameworks/MapKit.framework; sourceTree = SDKROOT; };
		604893FC1B293FF9000193DE /* BaiduMapAPI.framework */ = {isa = PBXFileReference; lastKnownFileType = wrapper.framework; path = BaiduMapAPI.framework; sourceTree = "<group>"; };
		604893FE1B294075000193DE /* CoreLocation.framework */ = {isa = PBXFileReference; lastKnownFileType = wrapper.framework; name = CoreLocation.framework; path = System/Library/Frameworks/CoreLocation.framework; sourceTree = SDKROOT; };
		604893FF1B294075000193DE /* OpenGLES.framework */ = {isa = PBXFileReference; lastKnownFileType = wrapper.framework; name = OpenGLES.framework; path = System/Library/Frameworks/OpenGLES.framework; sourceTree = SDKROOT; };
		604894001B294075000193DE /* QuartzCore.framework */ = {isa = PBXFileReference; lastKnownFileType = wrapper.framework; name = QuartzCore.framework; path = System/Library/Frameworks/QuartzCore.framework; sourceTree = SDKROOT; };
		604894011B294075000193DE /* Security.framework */ = {isa = PBXFileReference; lastKnownFileType = wrapper.framework; name = Security.framework; path = System/Library/Frameworks/Security.framework; sourceTree = SDKROOT; };
		604894021B294075000193DE /* SystemConfiguration.framework */ = {isa = PBXFileReference; lastKnownFileType = wrapper.framework; name = SystemConfiguration.framework; path = System/Library/Frameworks/SystemConfiguration.framework; sourceTree = SDKROOT; };
		604894081B2940C2000193DE /* mapapi.bundle */ = {isa = PBXFileReference; lastKnownFileType = "wrapper.plug-in"; name = mapapi.bundle; path = BaiduMapAPI.framework/Resources/mapapi.bundle; sourceTree = "<group>"; };
		606B74EC1B5743CB0091E718 /* Images.xcassets */ = {isa = PBXFileReference; lastKnownFileType = folder.assetcatalog; path = Images.xcassets; sourceTree = "<group>"; };
		606B74F01B574ABE0091E718 /* en */ = {isa = PBXFileReference; lastKnownFileType = text.plist.strings; name = en; path = en.lproj/UMSocialLocalizable.strings; sourceTree = "<group>"; };
		606B74F21B574ABE0091E718 /* UMSocial.h */ = {isa = PBXFileReference; fileEncoding = 4; lastKnownFileType = sourcecode.c.h; path = UMSocial.h; sourceTree = "<group>"; };
		606B74F31B574ABE0091E718 /* UMSocialAccountManager.h */ = {isa = PBXFileReference; fileEncoding = 4; lastKnownFileType = sourcecode.c.h; path = UMSocialAccountManager.h; sourceTree = "<group>"; };
		606B74F41B574ABE0091E718 /* UMSocialBar.h */ = {isa = PBXFileReference; fileEncoding = 4; lastKnownFileType = sourcecode.c.h; path = UMSocialBar.h; sourceTree = "<group>"; };
		606B74F51B574ABE0091E718 /* UMSocialConfig.h */ = {isa = PBXFileReference; fileEncoding = 4; lastKnownFileType = sourcecode.c.h; path = UMSocialConfig.h; sourceTree = "<group>"; };
		606B74F61B574ABE0091E718 /* UMSocialControllerService.h */ = {isa = PBXFileReference; fileEncoding = 4; lastKnownFileType = sourcecode.c.h; path = UMSocialControllerService.h; sourceTree = "<group>"; };
		606B74F71B574ABE0091E718 /* UMSocialControllerServiceComment.h */ = {isa = PBXFileReference; fileEncoding = 4; lastKnownFileType = sourcecode.c.h; path = UMSocialControllerServiceComment.h; sourceTree = "<group>"; };
		606B74F81B574ABE0091E718 /* UMSocialData.h */ = {isa = PBXFileReference; fileEncoding = 4; lastKnownFileType = sourcecode.c.h; path = UMSocialData.h; sourceTree = "<group>"; };
		606B74F91B574ABE0091E718 /* UMSocialDataService.h */ = {isa = PBXFileReference; fileEncoding = 4; lastKnownFileType = sourcecode.c.h; path = UMSocialDataService.h; sourceTree = "<group>"; };
		606B74FA1B574ABE0091E718 /* UMSocialSnsData.h */ = {isa = PBXFileReference; fileEncoding = 4; lastKnownFileType = sourcecode.c.h; path = UMSocialSnsData.h; sourceTree = "<group>"; };
		606B74FB1B574ABE0091E718 /* UMSocialSnsPlatformManager.h */ = {isa = PBXFileReference; fileEncoding = 4; lastKnownFileType = sourcecode.c.h; path = UMSocialSnsPlatformManager.h; sourceTree = "<group>"; };
		606B74FC1B574ABE0091E718 /* UMSocialSnsService.h */ = {isa = PBXFileReference; fileEncoding = 4; lastKnownFileType = sourcecode.c.h; path = UMSocialSnsService.h; sourceTree = "<group>"; };
		606B74FD1B574ABE0091E718 /* libUMSocial_Sdk_4.2.3.a */ = {isa = PBXFileReference; lastKnownFileType = archive.ar; path = libUMSocial_Sdk_4.2.3.a; sourceTree = "<group>"; };
		606B74FF1B574ABE0091E718 /* UMSCommentDetailController.xib */ = {isa = PBXFileReference; fileEncoding = 4; lastKnownFileType = file.xib; path = UMSCommentDetailController.xib; sourceTree = "<group>"; };
		606B75001B574ABE0091E718 /* UMSCommentInputController.xib */ = {isa = PBXFileReference; fileEncoding = 4; lastKnownFileType = file.xib; path = UMSCommentInputController.xib; sourceTree = "<group>"; };
		606B75011B574ABE0091E718 /* UMSCommentInputControlleriPad.xib */ = {isa = PBXFileReference; fileEncoding = 4; lastKnownFileType = file.xib; path = UMSCommentInputControlleriPad.xib; sourceTree = "<group>"; };
		606B75021B574ABE0091E718 /* UMShareEditViewController.xib */ = {isa = PBXFileReference; fileEncoding = 4; lastKnownFileType = file.xib; path = UMShareEditViewController.xib; sourceTree = "<group>"; };
		606B75031B574ABE0091E718 /* UMShareEditViewControlleriPad.xib */ = {isa = PBXFileReference; fileEncoding = 4; lastKnownFileType = file.xib; path = UMShareEditViewControlleriPad.xib; sourceTree = "<group>"; };
		606B75041B574ABE0091E718 /* UMSLoginViewController.xib */ = {isa = PBXFileReference; fileEncoding = 4; lastKnownFileType = file.xib; path = UMSLoginViewController.xib; sourceTree = "<group>"; };
		606B75051B574ABE0091E718 /* UMSnsAccountViewController.xib */ = {isa = PBXFileReference; fileEncoding = 4; lastKnownFileType = file.xib; path = UMSnsAccountViewController.xib; sourceTree = "<group>"; };
		606B75061B574ABE0091E718 /* UMSShareListController.xib */ = {isa = PBXFileReference; fileEncoding = 4; lastKnownFileType = file.xib; path = UMSShareListController.xib; sourceTree = "<group>"; };
		606B75071B574ABE0091E718 /* UMSocialSDKResourcesNew.bundle */ = {isa = PBXFileReference; lastKnownFileType = "wrapper.plug-in"; path = UMSocialSDKResourcesNew.bundle; sourceTree = "<group>"; };
		606B75081B574ABE0091E718 /* zh-Hans */ = {isa = PBXFileReference; lastKnownFileType = text.plist.strings; name = "zh-Hans"; path = "zh-Hans.lproj/UMSocialLocalizable.strings"; sourceTree = "<group>"; };
		606B75141B574BD20091E718 /* CoreTelephony.framework */ = {isa = PBXFileReference; lastKnownFileType = wrapper.framework; name = CoreTelephony.framework; path = System/Library/Frameworks/CoreTelephony.framework; sourceTree = SDKROOT; };
		606B75151B574BD20091E718 /* libiconv.dylib */ = {isa = PBXFileReference; lastKnownFileType = "compiled.mach-o.dylib"; name = libiconv.dylib; path = usr/lib/libiconv.dylib; sourceTree = SDKROOT; };
		606B75161B574BD20091E718 /* libsqlite3.dylib */ = {isa = PBXFileReference; lastKnownFileType = "compiled.mach-o.dylib"; name = libsqlite3.dylib; path = usr/lib/libsqlite3.dylib; sourceTree = SDKROOT; };
		606B75171B574BD20091E718 /* libstdc++.dylib */ = {isa = PBXFileReference; lastKnownFileType = "compiled.mach-o.dylib"; name = "libstdc++.dylib"; path = "usr/lib/libstdc++.dylib"; sourceTree = SDKROOT; };
		606B75181B574BD20091E718 /* libz.dylib */ = {isa = PBXFileReference; lastKnownFileType = "compiled.mach-o.dylib"; name = libz.dylib; path = usr/lib/libz.dylib; sourceTree = SDKROOT; };
		606B75201B5750420091E718 /* libSocialSina.a */ = {isa = PBXFileReference; lastKnownFileType = archive.ar; path = libSocialSina.a; sourceTree = "<group>"; };
		606B75211B5750420091E718 /* UMSocialSinaHandler.h */ = {isa = PBXFileReference; fileEncoding = 4; lastKnownFileType = sourcecode.c.h; path = UMSocialSinaHandler.h; sourceTree = "<group>"; };
		606B75231B5750420091E718 /* libSocialQQ.a */ = {isa = PBXFileReference; lastKnownFileType = archive.ar; path = libSocialQQ.a; sourceTree = "<group>"; };
		606B75241B5750420091E718 /* TencentOpenAPI.framework */ = {isa = PBXFileReference; lastKnownFileType = wrapper.framework; path = TencentOpenAPI.framework; sourceTree = "<group>"; };
		606B75251B5750420091E718 /* TencentOpenApi_IOS_Bundle.bundle */ = {isa = PBXFileReference; lastKnownFileType = "wrapper.plug-in"; path = TencentOpenApi_IOS_Bundle.bundle; sourceTree = "<group>"; };
		606B75261B5750420091E718 /* UMSocialQQHandler.h */ = {isa = PBXFileReference; fileEncoding = 4; lastKnownFileType = sourcecode.c.h; path = UMSocialQQHandler.h; sourceTree = "<group>"; };
		606B75281B5750420091E718 /* libSocialWechat.a */ = {isa = PBXFileReference; lastKnownFileType = archive.ar; path = libSocialWechat.a; sourceTree = "<group>"; };
		606B75291B5750420091E718 /* libWeChatSDK.a */ = {isa = PBXFileReference; lastKnownFileType = archive.ar; path = libWeChatSDK.a; sourceTree = "<group>"; };
		606B752A1B5750420091E718 /* UMSocialWechatHandler.h */ = {isa = PBXFileReference; fileEncoding = 4; lastKnownFileType = sourcecode.c.h; path = UMSocialWechatHandler.h; sourceTree = "<group>"; };
		606B752B1B5750420091E718 /* WXApi.h */ = {isa = PBXFileReference; fileEncoding = 4; lastKnownFileType = sourcecode.c.h; path = WXApi.h; sourceTree = "<group>"; };
		606B752C1B5750420091E718 /* WXApiObject.h */ = {isa = PBXFileReference; fileEncoding = 4; lastKnownFileType = sourcecode.c.h; path = WXApiObject.h; sourceTree = "<group>"; };
		606B75341B5750570091E718 /* iOS-social-analytics-releasenote.html */ = {isa = PBXFileReference; fileEncoding = 4; lastKnownFileType = text.html; path = "iOS-social-analytics-releasenote.html"; sourceTree = "<group>"; };
		606B75351B5750570091E718 /* iOS-social-releasenote.html */ = {isa = PBXFileReference; fileEncoding = 4; lastKnownFileType = text.html; path = "iOS-social-releasenote.html"; sourceTree = "<group>"; };
		606B75361B5750570091E718 /* ios-social-sdk-comment-detail.html */ = {isa = PBXFileReference; fileEncoding = 4; lastKnownFileType = text.html; path = "ios-social-sdk-comment-detail.html"; sourceTree = "<group>"; };
		606B75371B5750570091E718 /* ios-social-sdk-comment-quick.html */ = {isa = PBXFileReference; fileEncoding = 4; lastKnownFileType = text.html; path = "ios-social-sdk-comment-quick.html"; sourceTree = "<group>"; };
		606B75381B5750570091E718 /* ios-social-sdk-like.html */ = {isa = PBXFileReference; fileEncoding = 4; lastKnownFileType = text.html; path = "ios-social-sdk-like.html"; sourceTree = "<group>"; };
		606B75391B5750570091E718 /* ios-social-sdk-login-detail.html */ = {isa = PBXFileReference; fileEncoding = 4; lastKnownFileType = text.html; path = "ios-social-sdk-login-detail.html"; sourceTree = "<group>"; };
		606B753A1B5750570091E718 /* ios-social-sdk-login-quick.html */ = {isa = PBXFileReference; fileEncoding = 4; lastKnownFileType = text.html; path = "ios-social-sdk-login-quick.html"; sourceTree = "<group>"; };
		606B753B1B5750570091E718 /* ios-social-sdk-shake.html */ = {isa = PBXFileReference; fileEncoding = 4; lastKnownFileType = text.html; path = "ios-social-sdk-shake.html"; sourceTree = "<group>"; };
		606B753C1B5750570091E718 /* ios-social-sdk-share-detail.html */ = {isa = PBXFileReference; fileEncoding = 4; lastKnownFileType = text.html; path = "ios-social-sdk-share-detail.html"; sourceTree = "<group>"; };
		606B753D1B5750570091E718 /* ios-social-sdk-share-quick.html */ = {isa = PBXFileReference; fileEncoding = 4; lastKnownFileType = text.html; path = "ios-social-sdk-share-quick.html"; sourceTree = "<group>"; };
		606B753E1B5750570091E718 /* ios-social-sdk-socialBar.html */ = {isa = PBXFileReference; fileEncoding = 4; lastKnownFileType = text.html; path = "ios-social-sdk-socialBar.html"; sourceTree = "<group>"; };
		606B753F1B5750570091E718 /* markdown.css */ = {isa = PBXFileReference; fileEncoding = 4; lastKnownFileType = text.css; path = markdown.css; sourceTree = "<group>"; };
		60D7C4051B29172600FEECD6 /* ShareBarrierFree.app */ = {isa = PBXFileReference; explicitFileType = wrapper.application; includeInIndex = 0; path = ShareBarrierFree.app; sourceTree = BUILT_PRODUCTS_DIR; };
		60D7C4091B29172600FEECD6 /* Info.plist */ = {isa = PBXFileReference; lastKnownFileType = text.plist.xml; path = Info.plist; sourceTree = "<group>"; };
		60D7C40A1B29172600FEECD6 /* main.m */ = {isa = PBXFileReference; lastKnownFileType = sourcecode.c.objc; path = main.m; sourceTree = "<group>"; };
		60D7C40C1B29172600FEECD6 /* AppDelegate.h */ = {isa = PBXFileReference; lastKnownFileType = sourcecode.c.h; path = AppDelegate.h; sourceTree = "<group>"; };
		60D7C40D1B29172600FEECD6 /* AppDelegate.m */ = {isa = PBXFileReference; lastKnownFileType = sourcecode.c.objc; path = AppDelegate.m; sourceTree = "<group>"; };
		60D7C41E1B29172600FEECD6 /* ShareBarrierFreeTests.xctest */ = {isa = PBXFileReference; explicitFileType = wrapper.cfbundle; includeInIndex = 0; path = ShareBarrierFreeTests.xctest; sourceTree = BUILT_PRODUCTS_DIR; };
		60D7C4231B29172600FEECD6 /* Info.plist */ = {isa = PBXFileReference; lastKnownFileType = text.plist.xml; path = Info.plist; sourceTree = "<group>"; };
		60D7C4241B29172600FEECD6 /* ShareBarrierFreeTests.m */ = {isa = PBXFileReference; lastKnownFileType = sourcecode.c.objc; path = ShareBarrierFreeTests.m; sourceTree = "<group>"; };
		60D7C42F1B291AB600FEECD6 /* Podfile */ = {isa = PBXFileReference; fileEncoding = 4; lastKnownFileType = text; path = Podfile; sourceTree = "<group>"; xcLanguageSpecificationIdentifier = xcode.lang.ruby; };
		60E6CB7D1B2A66AE00323CE4 /* AddTagViewController.h */ = {isa = PBXFileReference; fileEncoding = 4; lastKnownFileType = sourcecode.c.h; path = AddTagViewController.h; sourceTree = "<group>"; };
		60E6CB7E1B2A66AE00323CE4 /* AddTagViewController.m */ = {isa = PBXFileReference; fileEncoding = 4; lastKnownFileType = sourcecode.c.objc; path = AddTagViewController.m; sourceTree = "<group>"; };
		60E6CB7F1B2A66AE00323CE4 /* AddTagViewController.xib */ = {isa = PBXFileReference; fileEncoding = 4; lastKnownFileType = file.xib; path = AddTagViewController.xib; sourceTree = "<group>"; };
		60E6CB841B2AAC7B00323CE4 /* TagDetailViewController.h */ = {isa = PBXFileReference; fileEncoding = 4; lastKnownFileType = sourcecode.c.h; path = TagDetailViewController.h; sourceTree = "<group>"; };
		60E6CB851B2AAC7B00323CE4 /* TagDetailViewController.m */ = {isa = PBXFileReference; fileEncoding = 4; lastKnownFileType = sourcecode.c.objc; path = TagDetailViewController.m; sourceTree = "<group>"; };
		60E6CB861B2AAC7B00323CE4 /* TagDetailViewController.xib */ = {isa = PBXFileReference; fileEncoding = 4; lastKnownFileType = file.xib; path = TagDetailViewController.xib; sourceTree = "<group>"; };
		60E6CB8A1B2E6BBC00323CE4 /* ProgressHUD.bundle */ = {isa = PBXFileReference; lastKnownFileType = "wrapper.plug-in"; path = ProgressHUD.bundle; sourceTree = "<group>"; };
		60E6CB8B1B2E6BBC00323CE4 /* ProgressHUD.h */ = {isa = PBXFileReference; fileEncoding = 4; lastKnownFileType = sourcecode.c.h; path = ProgressHUD.h; sourceTree = "<group>"; };
		60E6CB8C1B2E6BBC00323CE4 /* ProgressHUD.m */ = {isa = PBXFileReference; fileEncoding = 4; lastKnownFileType = sourcecode.c.objc; path = ProgressHUD.m; sourceTree = "<group>"; };
		60E6CB901B2E76B800323CE4 /* RootController.h */ = {isa = PBXFileReference; fileEncoding = 4; lastKnownFileType = sourcecode.c.h; path = RootController.h; sourceTree = "<group>"; };
		60E6CB911B2E76B800323CE4 /* RootController.m */ = {isa = PBXFileReference; fileEncoding = 4; lastKnownFileType = sourcecode.c.objc; path = RootController.m; sourceTree = "<group>"; };
		60E6CB981B2E771C00323CE4 /* LoginViewController.h */ = {isa = PBXFileReference; fileEncoding = 4; lastKnownFileType = sourcecode.c.h; path = LoginViewController.h; sourceTree = "<group>"; };
		60E6CB991B2E771C00323CE4 /* LoginViewController.m */ = {isa = PBXFileReference; fileEncoding = 4; lastKnownFileType = sourcecode.c.objc; path = LoginViewController.m; sourceTree = "<group>"; };
		60E6CB9A1B2E771C00323CE4 /* LoginViewController.xib */ = {isa = PBXFileReference; fileEncoding = 4; lastKnownFileType = file.xib; path = LoginViewController.xib; sourceTree = "<group>"; };
		60E6CBA11B2E77D200323CE4 /* ShareBarrierFreeAPIS.h */ = {isa = PBXFileReference; fileEncoding = 4; lastKnownFileType = sourcecode.c.h; path = ShareBarrierFreeAPIS.h; sourceTree = "<group>"; };
		60E6CBA21B2E77D200323CE4 /* ShareBarrierFreeAPIS.m */ = {isa = PBXFileReference; fileEncoding = 4; lastKnownFileType = sourcecode.c.objc; path = ShareBarrierFreeAPIS.m; sourceTree = "<group>"; };
		60E6CBA41B2E85D600323CE4 /* Settings.bundle */ = {isa = PBXFileReference; lastKnownFileType = "wrapper.plug-in"; name = Settings.bundle; path = ShareBarrierFree/Settings.bundle; sourceTree = "<group>"; };
		60E6CBA71B2E8D3700323CE4 /* LJCommonArrowItem.h */ = {isa = PBXFileReference; fileEncoding = 4; lastKnownFileType = sourcecode.c.h; path = LJCommonArrowItem.h; sourceTree = "<group>"; };
		60E6CBA81B2E8D3700323CE4 /* LJCommonArrowItem.m */ = {isa = PBXFileReference; fileEncoding = 4; lastKnownFileType = sourcecode.c.objc; path = LJCommonArrowItem.m; sourceTree = "<group>"; };
		60E6CBA91B2E8D3700323CE4 /* LJCommonSwitchItem.h */ = {isa = PBXFileReference; fileEncoding = 4; lastKnownFileType = sourcecode.c.h; path = LJCommonSwitchItem.h; sourceTree = "<group>"; };
		60E6CBAA1B2E8D3700323CE4 /* LJCommonSwitchItem.m */ = {isa = PBXFileReference; fileEncoding = 4; lastKnownFileType = sourcecode.c.objc; path = LJCommonSwitchItem.m; sourceTree = "<group>"; };
		60E6CBAB1B2E8D3700323CE4 /* LJCommonLabelItem.h */ = {isa = PBXFileReference; fileEncoding = 4; lastKnownFileType = sourcecode.c.h; path = LJCommonLabelItem.h; sourceTree = "<group>"; };
		60E6CBAC1B2E8D3700323CE4 /* LJCommonLabelItem.m */ = {isa = PBXFileReference; fileEncoding = 4; lastKnownFileType = sourcecode.c.objc; path = LJCommonLabelItem.m; sourceTree = "<group>"; };
		60E6CBAD1B2E8D3700323CE4 /* LJBadgeView.h */ = {isa = PBXFileReference; fileEncoding = 4; lastKnownFileType = sourcecode.c.h; path = LJBadgeView.h; sourceTree = "<group>"; };
		60E6CBAE1B2E8D3700323CE4 /* LJBadgeView.m */ = {isa = PBXFileReference; fileEncoding = 4; lastKnownFileType = sourcecode.c.objc; path = LJBadgeView.m; sourceTree = "<group>"; };
		60E6CBAF1B2E8D3700323CE4 /* LJCommonGroup.h */ = {isa = PBXFileReference; fileEncoding = 4; lastKnownFileType = sourcecode.c.h; path = LJCommonGroup.h; sourceTree = "<group>"; };
		60E6CBB01B2E8D3700323CE4 /* LJCommonGroup.m */ = {isa = PBXFileReference; fileEncoding = 4; lastKnownFileType = sourcecode.c.objc; path = LJCommonGroup.m; sourceTree = "<group>"; };
		60E6CBB11B2E8D3700323CE4 /* LJCommonItem.h */ = {isa = PBXFileReference; fileEncoding = 4; lastKnownFileType = sourcecode.c.h; path = LJCommonItem.h; sourceTree = "<group>"; };
		60E6CBB21B2E8D3700323CE4 /* LJCommonItem.m */ = {isa = PBXFileReference; fileEncoding = 4; lastKnownFileType = sourcecode.c.objc; path = LJCommonItem.m; sourceTree = "<group>"; };
		60E6CBB31B2E8D3700323CE4 /* LJCommonCell.h */ = {isa = PBXFileReference; fileEncoding = 4; lastKnownFileType = sourcecode.c.h; path = LJCommonCell.h; sourceTree = "<group>"; };
		60E6CBB41B2E8D3700323CE4 /* LJCommonCell.m */ = {isa = PBXFileReference; fileEncoding = 4; lastKnownFileType = sourcecode.c.objc; path = LJCommonCell.m; sourceTree = "<group>"; };
		60E6CBB51B2E8D3700323CE4 /* LJCommonViewController.h */ = {isa = PBXFileReference; fileEncoding = 4; lastKnownFileType = sourcecode.c.h; path = LJCommonViewController.h; sourceTree = "<group>"; };
		60E6CBB61B2E8D3700323CE4 /* LJCommonViewController.m */ = {isa = PBXFileReference; fileEncoding = 4; lastKnownFileType = sourcecode.c.objc; path = LJCommonViewController.m; sourceTree = "<group>"; };
		60E6CBC21B325A2900323CE4 /* LocationInfo.h */ = {isa = PBXFileReference; fileEncoding = 4; lastKnownFileType = sourcecode.c.h; path = LocationInfo.h; sourceTree = "<group>"; };
		60E6CBC31B325A2900323CE4 /* LocationInfo.m */ = {isa = PBXFileReference; fileEncoding = 4; lastKnownFileType = sourcecode.c.objc; path = LocationInfo.m; sourceTree = "<group>"; };
		60E6CBC51B40E81700323CE4 /* RegisterViewController.h */ = {isa = PBXFileReference; fileEncoding = 4; lastKnownFileType = sourcecode.c.h; path = RegisterViewController.h; sourceTree = "<group>"; };
		60E6CBC61B40E81700323CE4 /* RegisterViewController.m */ = {isa = PBXFileReference; fileEncoding = 4; lastKnownFileType = sourcecode.c.objc; path = RegisterViewController.m; sourceTree = "<group>"; };
		60E6CBC71B40E81700323CE4 /* RegisterViewController.xib */ = {isa = PBXFileReference; fileEncoding = 4; lastKnownFileType = file.xib; path = RegisterViewController.xib; sourceTree = "<group>"; };
		60E6CBCA1B41178E00323CE4 /* User.h */ = {isa = PBXFileReference; fileEncoding = 4; lastKnownFileType = sourcecode.c.h; path = User.h; sourceTree = "<group>"; };
		60E6CBCB1B41178E00323CE4 /* User.m */ = {isa = PBXFileReference; fileEncoding = 4; lastKnownFileType = sourcecode.c.objc; path = User.m; sourceTree = "<group>"; };
		60E6CBD21B4127BF00323CE4 /* GVUserDefaults+Properties.h */ = {isa = PBXFileReference; fileEncoding = 4; lastKnownFileType = sourcecode.c.h; path = "GVUserDefaults+Properties.h"; sourceTree = "<group>"; };
		60E6CBD31B4127BF00323CE4 /* GVUserDefaults+Properties.m */ = {isa = PBXFileReference; fileEncoding = 4; lastKnownFileType = sourcecode.c.objc; path = "GVUserDefaults+Properties.m"; sourceTree = "<group>"; };
		60E6CBD51B413CCE00323CE4 /* ActivityViewController.h */ = {isa = PBXFileReference; fileEncoding = 4; lastKnownFileType = sourcecode.c.h; path = ActivityViewController.h; sourceTree = "<group>"; };
		60E6CBD61B413CCE00323CE4 /* ActivityViewController.m */ = {isa = PBXFileReference; fileEncoding = 4; lastKnownFileType = sourcecode.c.objc; path = ActivityViewController.m; sourceTree = "<group>"; };
		60E6CBD71B413CCE00323CE4 /* ActivityViewController.xib */ = {isa = PBXFileReference; fileEncoding = 4; lastKnownFileType = file.xib; path = ActivityViewController.xib; sourceTree = "<group>"; };
		60E6CBDD1B415A4000323CE4 /* Moment.h */ = {isa = PBXFileReference; fileEncoding = 4; lastKnownFileType = sourcecode.c.h; path = Moment.h; sourceTree = "<group>"; };
		60E6CBDE1B415A4000323CE4 /* Moment.m */ = {isa = PBXFileReference; fileEncoding = 4; lastKnownFileType = sourcecode.c.objc; path = Moment.m; sourceTree = "<group>"; };
		60E6CBE01B4256D100323CE4 /* UserDetailViewController.h */ = {isa = PBXFileReference; fileEncoding = 4; lastKnownFileType = sourcecode.c.h; path = UserDetailViewController.h; sourceTree = "<group>"; };
		60E6CBE11B4256D100323CE4 /* UserDetailViewController.m */ = {isa = PBXFileReference; fileEncoding = 4; lastKnownFileType = sourcecode.c.objc; path = UserDetailViewController.m; sourceTree = "<group>"; };
		60E6CBE21B4256D100323CE4 /* UserDetailViewController.xib */ = {isa = PBXFileReference; fileEncoding = 4; lastKnownFileType = file.xib; path = UserDetailViewController.xib; sourceTree = "<group>"; };
		60E6CBE51B440B5B00323CE4 /* Default-568h@2x.png */ = {isa = PBXFileReference; lastKnownFileType = image.png; path = "Default-568h@2x.png"; sourceTree = "<group>"; };
		E580E817B2C76D083A15CA97 /* Pods.release.xcconfig */ = {isa = PBXFileReference; includeInIndex = 1; lastKnownFileType = text.xcconfig; name = Pods.release.xcconfig; path = "Pods/Target Support Files/Pods/Pods.release.xcconfig"; sourceTree = "<group>"; };
/* End PBXFileReference section */

/* Begin PBXFrameworksBuildPhase section */
		60D7C4021B29172600FEECD6 /* Frameworks */ = {
			isa = PBXFrameworksBuildPhase;
			buildActionMask = 2147483647;
			files = (
				606B75191B574BD20091E718 /* CoreTelephony.framework in Frameworks */,
				606B751A1B574BD20091E718 /* libiconv.dylib in Frameworks */,
				606B751B1B574BD20091E718 /* libsqlite3.dylib in Frameworks */,
				606B751C1B574BD20091E718 /* libstdc++.dylib in Frameworks */,
				606B751D1B574BD20091E718 /* libz.dylib in Frameworks */,
				606B752F1B5750420091E718 /* TencentOpenAPI.framework in Frameworks */,
				604893F71B2930BE000193DE /* CoreGraphics.framework in Frameworks */,
				604894061B294075000193DE /* Security.framework in Frameworks */,
				604894071B294075000193DE /* SystemConfiguration.framework in Frameworks */,
				604894031B294075000193DE /* CoreLocation.framework in Frameworks */,
				604894041B294075000193DE /* OpenGLES.framework in Frameworks */,
				604894051B294075000193DE /* QuartzCore.framework in Frameworks */,
				606B752E1B5750420091E718 /* libSocialQQ.a in Frameworks */,
				606B75311B5750430091E718 /* libSocialWechat.a in Frameworks */,
				606B752D1B5750420091E718 /* libSocialSina.a in Frameworks */,
				606B750A1B574ABE0091E718 /* libUMSocial_Sdk_4.2.3.a in Frameworks */,
				606B75321B5750430091E718 /* libWeChatSDK.a in Frameworks */,
				604893FD1B293FF9000193DE /* BaiduMapAPI.framework in Frameworks */,
				604893FB1B293EB8000193DE /* MapKit.framework in Frameworks */,
				604893F81B2930BE000193DE /* Foundation.framework in Frameworks */,
				604893F41B2930AC000193DE /* UIKit.framework in Frameworks */,
				E4361D49171EE395F5B92260 /* libPods.a in Frameworks */,
			);
			runOnlyForDeploymentPostprocessing = 0;
		};
		60D7C41B1B29172600FEECD6 /* Frameworks */ = {
			isa = PBXFrameworksBuildPhase;
			buildActionMask = 2147483647;
			files = (
			);
			runOnlyForDeploymentPostprocessing = 0;
		};
/* End PBXFrameworksBuildPhase section */

/* Begin PBXGroup section */
		606B74EE1B574ABE0091E718 /* UMSocial_Sdk_4.2.3 */ = {
			isa = PBXGroup;
			children = (
				606B74EF1B574ABE0091E718 /* UMSocialLocalizable.strings */,
				606B74F11B574ABE0091E718 /* Header */,
				606B74FD1B574ABE0091E718 /* libUMSocial_Sdk_4.2.3.a */,
				606B74FE1B574ABE0091E718 /* SocialSDKXib */,
				606B75071B574ABE0091E718 /* UMSocialSDKResourcesNew.bundle */,
			);
			path = UMSocial_Sdk_4.2.3;
			sourceTree = "<group>";
		};
		606B74F11B574ABE0091E718 /* Header */ = {
			isa = PBXGroup;
			children = (
				606B74F21B574ABE0091E718 /* UMSocial.h */,
				606B74F31B574ABE0091E718 /* UMSocialAccountManager.h */,
				606B74F41B574ABE0091E718 /* UMSocialBar.h */,
				606B74F51B574ABE0091E718 /* UMSocialConfig.h */,
				606B74F61B574ABE0091E718 /* UMSocialControllerService.h */,
				606B74F71B574ABE0091E718 /* UMSocialControllerServiceComment.h */,
				606B74F81B574ABE0091E718 /* UMSocialData.h */,
				606B74F91B574ABE0091E718 /* UMSocialDataService.h */,
				606B74FA1B574ABE0091E718 /* UMSocialSnsData.h */,
				606B74FB1B574ABE0091E718 /* UMSocialSnsPlatformManager.h */,
				606B74FC1B574ABE0091E718 /* UMSocialSnsService.h */,
			);
			path = Header;
			sourceTree = "<group>";
		};
		606B74FE1B574ABE0091E718 /* SocialSDKXib */ = {
			isa = PBXGroup;
			children = (
				606B74FF1B574ABE0091E718 /* UMSCommentDetailController.xib */,
				606B75001B574ABE0091E718 /* UMSCommentInputController.xib */,
				606B75011B574ABE0091E718 /* UMSCommentInputControlleriPad.xib */,
				606B75021B574ABE0091E718 /* UMShareEditViewController.xib */,
				606B75031B574ABE0091E718 /* UMShareEditViewControlleriPad.xib */,
				606B75041B574ABE0091E718 /* UMSLoginViewController.xib */,
				606B75051B574ABE0091E718 /* UMSnsAccountViewController.xib */,
				606B75061B574ABE0091E718 /* UMSShareListController.xib */,
			);
			path = SocialSDKXib;
			sourceTree = "<group>";
		};
		606B751E1B5750420091E718 /* UMSocial_Sdk_Extra_Frameworks */ = {
			isa = PBXGroup;
			children = (
				606B751F1B5750420091E718 /* Sina */,
				606B75221B5750420091E718 /* TencentOpenAPI */,
				606B75271B5750420091E718 /* Wechat */,
			);
			path = UMSocial_Sdk_Extra_Frameworks;
			sourceTree = "<group>";
		};
		606B751F1B5750420091E718 /* Sina */ = {
			isa = PBXGroup;
			children = (
				606B75201B5750420091E718 /* libSocialSina.a */,
				606B75211B5750420091E718 /* UMSocialSinaHandler.h */,
			);
			path = Sina;
			sourceTree = "<group>";
		};
		606B75221B5750420091E718 /* TencentOpenAPI */ = {
			isa = PBXGroup;
			children = (
				606B75231B5750420091E718 /* libSocialQQ.a */,
				606B75241B5750420091E718 /* TencentOpenAPI.framework */,
				606B75251B5750420091E718 /* TencentOpenApi_IOS_Bundle.bundle */,
				606B75261B5750420091E718 /* UMSocialQQHandler.h */,
			);
			path = TencentOpenAPI;
			sourceTree = "<group>";
		};
		606B75271B5750420091E718 /* Wechat */ = {
			isa = PBXGroup;
			children = (
				606B75281B5750420091E718 /* libSocialWechat.a */,
				606B75291B5750420091E718 /* libWeChatSDK.a */,
				606B752A1B5750420091E718 /* UMSocialWechatHandler.h */,
				606B752B1B5750420091E718 /* WXApi.h */,
				606B752C1B5750420091E718 /* WXApiObject.h */,
			);
			path = Wechat;
			sourceTree = "<group>";
		};
		606B75331B5750570091E718 /* UMSocial_Sdk_Instructions */ = {
			isa = PBXGroup;
			children = (
				606B75341B5750570091E718 /* iOS-social-analytics-releasenote.html */,
				606B75351B5750570091E718 /* iOS-social-releasenote.html */,
				606B75361B5750570091E718 /* ios-social-sdk-comment-detail.html */,
				606B75371B5750570091E718 /* ios-social-sdk-comment-quick.html */,
				606B75381B5750570091E718 /* ios-social-sdk-like.html */,
				606B75391B5750570091E718 /* ios-social-sdk-login-detail.html */,
				606B753A1B5750570091E718 /* ios-social-sdk-login-quick.html */,
				606B753B1B5750570091E718 /* ios-social-sdk-shake.html */,
				606B753C1B5750570091E718 /* ios-social-sdk-share-detail.html */,
				606B753D1B5750570091E718 /* ios-social-sdk-share-quick.html */,
				606B753E1B5750570091E718 /* ios-social-sdk-socialBar.html */,
				606B753F1B5750570091E718 /* markdown.css */,
			);
			path = UMSocial_Sdk_Instructions;
			sourceTree = "<group>";
		};
		60D7C3FC1B29172600FEECD6 = {
			isa = PBXGroup;
			children = (
				60E6CBE51B440B5B00323CE4 /* Default-568h@2x.png */,
				60E6CBA41B2E85D600323CE4 /* Settings.bundle */,
				604894081B2940C2000193DE /* mapapi.bundle */,
				60D7C42F1B291AB600FEECD6 /* Podfile */,
				60D7C4071B29172600FEECD6 /* ShareBarrierFree */,
				60D7C4211B29172600FEECD6 /* ShareBarrierFreeTests */,
				60D7C4061B29172600FEECD6 /* Products */,
				A60D70C68D32222DA2D31274 /* Pods */,
				E55D7C73A034271DBAC295E4 /* Frameworks */,
			);
			sourceTree = "<group>";
		};
		60D7C4061B29172600FEECD6 /* Products */ = {
			isa = PBXGroup;
			children = (
				60D7C4051B29172600FEECD6 /* ShareBarrierFree.app */,
				60D7C41E1B29172600FEECD6 /* ShareBarrierFreeTests.xctest */,
			);
			name = Products;
			sourceTree = "<group>";
		};
		60D7C4071B29172600FEECD6 /* ShareBarrierFree */ = {
			isa = PBXGroup;
			children = (
				606B75331B5750570091E718 /* UMSocial_Sdk_Instructions */,
				606B751E1B5750420091E718 /* UMSocial_Sdk_Extra_Frameworks */,
				606B74EE1B574ABE0091E718 /* UMSocial_Sdk_4.2.3 */,
				60D7C40C1B29172600FEECD6 /* AppDelegate.h */,
				60D7C40D1B29172600FEECD6 /* AppDelegate.m */,
				60E6CBA61B2E8D2100323CE4 /* CustomCell */,
				60E6CB9D1B2E773700323CE4 /* APIS */,
				60E6CB891B2E6BB200323CE4 /* ProgressHUD */,
				60D7C42E1B29178900FEECD6 /* classes */,
				60D7C4081B29172600FEECD6 /* Supporting Files */,
			);
			path = ShareBarrierFree;
			sourceTree = "<group>";
		};
		60D7C4081B29172600FEECD6 /* Supporting Files */ = {
			isa = PBXGroup;
			children = (
				606B74EC1B5743CB0091E718 /* Images.xcassets */,
				604893F91B2930D7000193DE /* ShareBarrierFree-Prefix.pch */,
				60D7C4091B29172600FEECD6 /* Info.plist */,
				60D7C40A1B29172600FEECD6 /* main.m */,
			);
			name = "Supporting Files";
			sourceTree = "<group>";
		};
		60D7C4211B29172600FEECD6 /* ShareBarrierFreeTests */ = {
			isa = PBXGroup;
			children = (
				60D7C4241B29172600FEECD6 /* ShareBarrierFreeTests.m */,
				60D7C4221B29172600FEECD6 /* Supporting Files */,
			);
			path = ShareBarrierFreeTests;
			sourceTree = "<group>";
		};
		60D7C4221B29172600FEECD6 /* Supporting Files */ = {
			isa = PBXGroup;
			children = (
				60D7C4231B29172600FEECD6 /* Info.plist */,
			);
			name = "Supporting Files";
			sourceTree = "<group>";
		};
		60D7C42E1B29178900FEECD6 /* classes */ = {
			isa = PBXGroup;
			children = (
				604893B91B2924D3000193DE /* NavigationViewController.h */,
				604893BA1B2924D3000193DE /* NavigationViewController.m */,
				60E6CBC11B3259D500323CE4 /* entity */,
				60E6CB8F1B2E732900323CE4 /* login */,
				60E6CBDA1B413CFD00323CE4 /* home */,
				60E6CBDC1B413D4C00323CE4 /* activity */,
				60E6CBDB1B413D3200323CE4 /* setting */,
			);
			path = classes;
			sourceTree = "<group>";
		};
		60E6CB891B2E6BB200323CE4 /* ProgressHUD */ = {
			isa = PBXGroup;
			children = (
				60E6CB8A1B2E6BBC00323CE4 /* ProgressHUD.bundle */,
				60E6CB8B1B2E6BBC00323CE4 /* ProgressHUD.h */,
				60E6CB8C1B2E6BBC00323CE4 /* ProgressHUD.m */,
			);
			name = ProgressHUD;
			sourceTree = "<group>";
		};
		60E6CB8F1B2E732900323CE4 /* login */ = {
			isa = PBXGroup;
			children = (
				60E6CB901B2E76B800323CE4 /* RootController.h */,
				60E6CB911B2E76B800323CE4 /* RootController.m */,
				60E6CB981B2E771C00323CE4 /* LoginViewController.h */,
				60E6CB991B2E771C00323CE4 /* LoginViewController.m */,
				60E6CB9A1B2E771C00323CE4 /* LoginViewController.xib */,
				60E6CBC51B40E81700323CE4 /* RegisterViewController.h */,
				60E6CBC61B40E81700323CE4 /* RegisterViewController.m */,
				60E6CBC71B40E81700323CE4 /* RegisterViewController.xib */,
			);
			name = login;
			sourceTree = "<group>";
		};
		60E6CB9D1B2E773700323CE4 /* APIS */ = {
			isa = PBXGroup;
			children = (
				60E6CBA11B2E77D200323CE4 /* ShareBarrierFreeAPIS.h */,
				60E6CBA21B2E77D200323CE4 /* ShareBarrierFreeAPIS.m */,
			);
			name = APIS;
			sourceTree = "<group>";
		};
		60E6CBA61B2E8D2100323CE4 /* CustomCell */ = {
			isa = PBXGroup;
			children = (
				60E6CBA71B2E8D3700323CE4 /* LJCommonArrowItem.h */,
				60E6CBA81B2E8D3700323CE4 /* LJCommonArrowItem.m */,
				60E6CBA91B2E8D3700323CE4 /* LJCommonSwitchItem.h */,
				60E6CBAA1B2E8D3700323CE4 /* LJCommonSwitchItem.m */,
				60E6CBAB1B2E8D3700323CE4 /* LJCommonLabelItem.h */,
				60E6CBAC1B2E8D3700323CE4 /* LJCommonLabelItem.m */,
				60E6CBAD1B2E8D3700323CE4 /* LJBadgeView.h */,
				60E6CBAE1B2E8D3700323CE4 /* LJBadgeView.m */,
				60E6CBAF1B2E8D3700323CE4 /* LJCommonGroup.h */,
				60E6CBB01B2E8D3700323CE4 /* LJCommonGroup.m */,
				60E6CBB11B2E8D3700323CE4 /* LJCommonItem.h */,
				60E6CBB21B2E8D3700323CE4 /* LJCommonItem.m */,
				60E6CBB31B2E8D3700323CE4 /* LJCommonCell.h */,
				60E6CBB41B2E8D3700323CE4 /* LJCommonCell.m */,
				60E6CBB51B2E8D3700323CE4 /* LJCommonViewController.h */,
				60E6CBB61B2E8D3700323CE4 /* LJCommonViewController.m */,
			);
			name = CustomCell;
			sourceTree = "<group>";
		};
		60E6CBC11B3259D500323CE4 /* entity */ = {
			isa = PBXGroup;
			children = (
				60E6CBC21B325A2900323CE4 /* LocationInfo.h */,
				60E6CBC31B325A2900323CE4 /* LocationInfo.m */,
				60E6CBCA1B41178E00323CE4 /* User.h */,
				60E6CBCB1B41178E00323CE4 /* User.m */,
				60E6CBD21B4127BF00323CE4 /* GVUserDefaults+Properties.h */,
				60E6CBD31B4127BF00323CE4 /* GVUserDefaults+Properties.m */,
				60E6CBDD1B415A4000323CE4 /* Moment.h */,
				60E6CBDE1B415A4000323CE4 /* Moment.m */,
			);
			name = entity;
			sourceTree = "<group>";
		};
		60E6CBDA1B413CFD00323CE4 /* home */ = {
			isa = PBXGroup;
			children = (
				604893BC1B292534000193DE /* HomeViewController.h */,
				604893BD1B292534000193DE /* HomeViewController.mm */,
				604893BE1B292534000193DE /* HomeViewController.xib */,
				60E6CB7D1B2A66AE00323CE4 /* AddTagViewController.h */,
				60E6CB7E1B2A66AE00323CE4 /* AddTagViewController.m */,
				60E6CB7F1B2A66AE00323CE4 /* AddTagViewController.xib */,
				60E6CB841B2AAC7B00323CE4 /* TagDetailViewController.h */,
				60E6CB851B2AAC7B00323CE4 /* TagDetailViewController.m */,
				60E6CB861B2AAC7B00323CE4 /* TagDetailViewController.xib */,
			);
			name = home;
			sourceTree = "<group>";
		};
		60E6CBDB1B413D3200323CE4 /* setting */ = {
			isa = PBXGroup;
			children = (
				604893C11B292589000193DE /* ProfileViewController.h */,
				604893C21B292589000193DE /* ProfileViewController.m */,
				604893C31B292589000193DE /* ProfileViewController.xib */,
				60E6CBE01B4256D100323CE4 /* UserDetailViewController.h */,
				60E6CBE11B4256D100323CE4 /* UserDetailViewController.m */,
				60E6CBE21B4256D100323CE4 /* UserDetailViewController.xib */,
			);
			name = setting;
			sourceTree = "<group>";
		};
		60E6CBDC1B413D4C00323CE4 /* activity */ = {
			isa = PBXGroup;
			children = (
				60E6CBD51B413CCE00323CE4 /* ActivityViewController.h */,
				60E6CBD61B413CCE00323CE4 /* ActivityViewController.m */,
				60E6CBD71B413CCE00323CE4 /* ActivityViewController.xib */,
			);
			name = activity;
			sourceTree = "<group>";
		};
		A60D70C68D32222DA2D31274 /* Pods */ = {
			isa = PBXGroup;
			children = (
				214E426890632EDE1A26C7B8 /* Pods.debug.xcconfig */,
				E580E817B2C76D083A15CA97 /* Pods.release.xcconfig */,
			);
			name = Pods;
			sourceTree = "<group>";
		};
		E55D7C73A034271DBAC295E4 /* Frameworks */ = {
			isa = PBXGroup;
			children = (
				606B75141B574BD20091E718 /* CoreTelephony.framework */,
				606B75151B574BD20091E718 /* libiconv.dylib */,
				606B75161B574BD20091E718 /* libsqlite3.dylib */,
				606B75171B574BD20091E718 /* libstdc++.dylib */,
				606B75181B574BD20091E718 /* libz.dylib */,
				604893FE1B294075000193DE /* CoreLocation.framework */,
				604893FF1B294075000193DE /* OpenGLES.framework */,
				604894001B294075000193DE /* QuartzCore.framework */,
				604894011B294075000193DE /* Security.framework */,
				604894021B294075000193DE /* SystemConfiguration.framework */,
				604893FC1B293FF9000193DE /* BaiduMapAPI.framework */,
				604893FA1B293EB8000193DE /* MapKit.framework */,
				604893F51B2930BE000193DE /* CoreGraphics.framework */,
				604893F61B2930BE000193DE /* Foundation.framework */,
				604893F31B2930AC000193DE /* UIKit.framework */,
				0C425762EC8C1432813180DE /* libPods.a */,
			);
			name = Frameworks;
			sourceTree = "<group>";
		};
/* End PBXGroup section */

/* Begin PBXNativeTarget section */
		60D7C4041B29172600FEECD6 /* ShareBarrierFree */ = {
			isa = PBXNativeTarget;
			buildConfigurationList = 60D7C4281B29172600FEECD6 /* Build configuration list for PBXNativeTarget "ShareBarrierFree" */;
			buildPhases = (
				45BD3983E9374F752601B3F1 /* Check Pods Manifest.lock */,
				60D7C4011B29172600FEECD6 /* Sources */,
				60D7C4021B29172600FEECD6 /* Frameworks */,
				60D7C4031B29172600FEECD6 /* Resources */,
				2B7C2ED07800732710C0FD84 /* Copy Pods Resources */,
			);
			buildRules = (
			);
			dependencies = (
			);
			name = ShareBarrierFree;
			productName = ShareBarrierFree;
			productReference = 60D7C4051B29172600FEECD6 /* ShareBarrierFree.app */;
			productType = "com.apple.product-type.application";
		};
		60D7C41D1B29172600FEECD6 /* ShareBarrierFreeTests */ = {
			isa = PBXNativeTarget;
			buildConfigurationList = 60D7C42B1B29172600FEECD6 /* Build configuration list for PBXNativeTarget "ShareBarrierFreeTests" */;
			buildPhases = (
				60D7C41A1B29172600FEECD6 /* Sources */,
				60D7C41B1B29172600FEECD6 /* Frameworks */,
				60D7C41C1B29172600FEECD6 /* Resources */,
			);
			buildRules = (
			);
			dependencies = (
				60D7C4201B29172600FEECD6 /* PBXTargetDependency */,
			);
			name = ShareBarrierFreeTests;
			productName = ShareBarrierFreeTests;
			productReference = 60D7C41E1B29172600FEECD6 /* ShareBarrierFreeTests.xctest */;
			productType = "com.apple.product-type.bundle.unit-test";
		};
/* End PBXNativeTarget section */

/* Begin PBXProject section */
		60D7C3FD1B29172600FEECD6 /* Project object */ = {
			isa = PBXProject;
			attributes = {
				LastUpgradeCheck = 0610;
				ORGANIZATIONNAME = LJ;
				TargetAttributes = {
					60D7C4041B29172600FEECD6 = {
						CreatedOnToolsVersion = 6.1.1;
					};
					60D7C41D1B29172600FEECD6 = {
						CreatedOnToolsVersion = 6.1.1;
						TestTargetID = 60D7C4041B29172600FEECD6;
					};
				};
			};
			buildConfigurationList = 60D7C4001B29172600FEECD6 /* Build configuration list for PBXProject "ShareBarrierFree" */;
			compatibilityVersion = "Xcode 3.2";
			developmentRegion = English;
			hasScannedForEncodings = 0;
			knownRegions = (
				en,
				Base,
				"zh-Hans",
			);
			mainGroup = 60D7C3FC1B29172600FEECD6;
			productRefGroup = 60D7C4061B29172600FEECD6 /* Products */;
			projectDirPath = "";
			projectRoot = "";
			targets = (
				60D7C4041B29172600FEECD6 /* ShareBarrierFree */,
				60D7C41D1B29172600FEECD6 /* ShareBarrierFreeTests */,
			);
		};
/* End PBXProject section */

/* Begin PBXResourcesBuildPhase section */
		60D7C4031B29172600FEECD6 /* Resources */ = {
			isa = PBXResourcesBuildPhase;
			buildActionMask = 2147483647;
			files = (
				606B750E1B574ABE0091E718 /* UMShareEditViewController.xib in Resources */,
				60E6CBC91B40E81700323CE4 /* RegisterViewController.xib in Resources */,
				606B75401B5750570091E718 /* iOS-social-analytics-releasenote.html in Resources */,
				606B754B1B5750570091E718 /* markdown.css in Resources */,
				60E6CB9C1B2E771C00323CE4 /* LoginViewController.xib in Resources */,
				606B75091B574ABE0091E718 /* UMSocialLocalizable.strings in Resources */,
				606B75451B5750570091E718 /* ios-social-sdk-login-detail.html in Resources */,
				604893C51B292589000193DE /* ProfileViewController.xib in Resources */,
				606B75101B574ABE0091E718 /* UMSLoginViewController.xib in Resources */,
				606B75121B574ABE0091E718 /* UMSShareListController.xib in Resources */,
				60E6CBE41B4256D100323CE4 /* UserDetailViewController.xib in Resources */,
				60E6CBD91B413CCE00323CE4 /* ActivityViewController.xib in Resources */,
				606B750D1B574ABE0091E718 /* UMSCommentInputControlleriPad.xib in Resources */,
				60E6CBE61B440B5B00323CE4 /* Default-568h@2x.png in Resources */,
				60D7C4301B291AB600FEECD6 /* Podfile in Resources */,
				606B75411B5750570091E718 /* iOS-social-releasenote.html in Resources */,
				606B750F1B574ABE0091E718 /* UMShareEditViewControlleriPad.xib in Resources */,
				60E6CB881B2AAC7B00323CE4 /* TagDetailViewController.xib in Resources */,
				604894091B2940C2000193DE /* mapapi.bundle in Resources */,
				606B75471B5750570091E718 /* ios-social-sdk-shake.html in Resources */,
				606B74ED1B5743CB0091E718 /* Images.xcassets in Resources */,
				606B75491B5750570091E718 /* ios-social-sdk-share-quick.html in Resources */,
				606B75431B5750570091E718 /* ios-social-sdk-comment-quick.html in Resources */,
				606B75461B5750570091E718 /* ios-social-sdk-login-quick.html in Resources */,
				60E6CB8D1B2E6BBC00323CE4 /* ProgressHUD.bundle in Resources */,
				606B750C1B574ABE0091E718 /* UMSCommentInputController.xib in Resources */,
				606B75441B5750570091E718 /* ios-social-sdk-like.html in Resources */,
				606B75301B5750430091E718 /* TencentOpenApi_IOS_Bundle.bundle in Resources */,
				606B75131B574ABE0091E718 /* UMSocialSDKResourcesNew.bundle in Resources */,
				604893C01B292534000193DE /* HomeViewController.xib in Resources */,
				60E6CBA51B2E85D600323CE4 /* Settings.bundle in Resources */,
				606B750B1B574ABE0091E718 /* UMSCommentDetailController.xib in Resources */,
				606B754A1B5750570091E718 /* ios-social-sdk-socialBar.html in Resources */,
				606B75481B5750570091E718 /* ios-social-sdk-share-detail.html in Resources */,
				60E6CB811B2A66AE00323CE4 /* AddTagViewController.xib in Resources */,
				606B75111B574ABE0091E718 /* UMSnsAccountViewController.xib in Resources */,
				606B75421B5750570091E718 /* ios-social-sdk-comment-detail.html in Resources */,
			);
			runOnlyForDeploymentPostprocessing = 0;
		};
		60D7C41C1B29172600FEECD6 /* Resources */ = {
			isa = PBXResourcesBuildPhase;
			buildActionMask = 2147483647;
			files = (
			);
			runOnlyForDeploymentPostprocessing = 0;
		};
/* End PBXResourcesBuildPhase section */

/* Begin PBXShellScriptBuildPhase section */
		2B7C2ED07800732710C0FD84 /* Copy Pods Resources */ = {
			isa = PBXShellScriptBuildPhase;
			buildActionMask = 2147483647;
			files = (
			);
			inputPaths = (
			);
			name = "Copy Pods Resources";
			outputPaths = (
			);
			runOnlyForDeploymentPostprocessing = 0;
			shellPath = /bin/sh;
			shellScript = "\"${SRCROOT}/Pods/Target Support Files/Pods/Pods-resources.sh\"\n";
			showEnvVarsInLog = 0;
		};
		45BD3983E9374F752601B3F1 /* Check Pods Manifest.lock */ = {
			isa = PBXShellScriptBuildPhase;
			buildActionMask = 2147483647;
			files = (
			);
			inputPaths = (
			);
			name = "Check Pods Manifest.lock";
			outputPaths = (
			);
			runOnlyForDeploymentPostprocessing = 0;
			shellPath = /bin/sh;
			shellScript = "diff \"${PODS_ROOT}/../Podfile.lock\" \"${PODS_ROOT}/Manifest.lock\" > /dev/null\nif [[ $? != 0 ]] ; then\n    cat << EOM\nerror: The sandbox is not in sync with the Podfile.lock. Run 'pod install' or update your CocoaPods installation.\nEOM\n    exit 1\nfi\n";
			showEnvVarsInLog = 0;
		};
/* End PBXShellScriptBuildPhase section */

/* Begin PBXSourcesBuildPhase section */
		60D7C4011B29172600FEECD6 /* Sources */ = {
			isa = PBXSourcesBuildPhase;
			buildActionMask = 2147483647;
			files = (
				60E6CBA31B2E77D200323CE4 /* ShareBarrierFreeAPIS.m in Sources */,
				60E6CBBE1B2E8D3700323CE4 /* LJCommonViewController.m in Sources */,
				60E6CBC41B325A2900323CE4 /* LocationInfo.m in Sources */,
				604893BB1B2924D3000193DE /* NavigationViewController.m in Sources */,
				60E6CBC81B40E81700323CE4 /* RegisterViewController.m in Sources */,
				60E6CBB91B2E8D3700323CE4 /* LJCommonLabelItem.m in Sources */,
				60E6CBCC1B41178E00323CE4 /* User.m in Sources */,
				60E6CBD81B413CCE00323CE4 /* ActivityViewController.m in Sources */,
				60E6CBBA1B2E8D3700323CE4 /* LJBadgeView.m in Sources */,
				60E6CBB81B2E8D3700323CE4 /* LJCommonSwitchItem.m in Sources */,
				60E6CBD41B4127BF00323CE4 /* GVUserDefaults+Properties.m in Sources */,
				60E6CB801B2A66AE00323CE4 /* AddTagViewController.m in Sources */,
				60E6CBBB1B2E8D3700323CE4 /* LJCommonGroup.m in Sources */,
				60D7C40E1B29172600FEECD6 /* AppDelegate.m in Sources */,
				60E6CBDF1B415A4000323CE4 /* Moment.m in Sources */,
				60E6CB871B2AAC7B00323CE4 /* TagDetailViewController.m in Sources */,
				60E6CB9B1B2E771C00323CE4 /* LoginViewController.m in Sources */,
				604893BF1B292534000193DE /* HomeViewController.mm in Sources */,
				60E6CBE31B4256D100323CE4 /* UserDetailViewController.m in Sources */,
				604893C41B292589000193DE /* ProfileViewController.m in Sources */,
				60E6CBBD1B2E8D3700323CE4 /* LJCommonCell.m in Sources */,
				60E6CB921B2E76B800323CE4 /* RootController.m in Sources */,
				60E6CB8E1B2E6BBC00323CE4 /* ProgressHUD.m in Sources */,
				60D7C40B1B29172600FEECD6 /* main.m in Sources */,
				60E6CBBC1B2E8D3700323CE4 /* LJCommonItem.m in Sources */,
				60E6CBB71B2E8D3700323CE4 /* LJCommonArrowItem.m in Sources */,
			);
			runOnlyForDeploymentPostprocessing = 0;
		};
		60D7C41A1B29172600FEECD6 /* Sources */ = {
			isa = PBXSourcesBuildPhase;
			buildActionMask = 2147483647;
			files = (
				60D7C4251B29172600FEECD6 /* ShareBarrierFreeTests.m in Sources */,
			);
			runOnlyForDeploymentPostprocessing = 0;
		};
/* End PBXSourcesBuildPhase section */

/* Begin PBXTargetDependency section */
		60D7C4201B29172600FEECD6 /* PBXTargetDependency */ = {
			isa = PBXTargetDependency;
			target = 60D7C4041B29172600FEECD6 /* ShareBarrierFree */;
			targetProxy = 60D7C41F1B29172600FEECD6 /* PBXContainerItemProxy */;
		};
/* End PBXTargetDependency section */

/* Begin PBXVariantGroup section */
		606B74EF1B574ABE0091E718 /* UMSocialLocalizable.strings */ = {
			isa = PBXVariantGroup;
			children = (
				606B74F01B574ABE0091E718 /* en */,
				606B75081B574ABE0091E718 /* zh-Hans */,
			);
			name = UMSocialLocalizable.strings;
			sourceTree = "<group>";
		};
/* End PBXVariantGroup section */

/* Begin XCBuildConfiguration section */
		60D7C4261B29172600FEECD6 /* Debug */ = {
			isa = XCBuildConfiguration;
			buildSettings = {
				ALWAYS_SEARCH_USER_PATHS = NO;
				CLANG_CXX_LANGUAGE_STANDARD = "gnu++0x";
				CLANG_CXX_LIBRARY = "libc++";
				CLANG_ENABLE_MODULES = YES;
				CLANG_ENABLE_OBJC_ARC = YES;
				CLANG_WARN_BOOL_CONVERSION = YES;
				CLANG_WARN_CONSTANT_CONVERSION = YES;
				CLANG_WARN_DIRECT_OBJC_ISA_USAGE = YES_ERROR;
				CLANG_WARN_EMPTY_BODY = YES;
				CLANG_WARN_ENUM_CONVERSION = YES;
				CLANG_WARN_INT_CONVERSION = YES;
				CLANG_WARN_OBJC_ROOT_CLASS = YES_ERROR;
				CLANG_WARN_UNREACHABLE_CODE = YES;
				CLANG_WARN__DUPLICATE_METHOD_MATCH = YES;
				"CODE_SIGN_IDENTITY[sdk=iphoneos*]" = "iPhone Developer";
				COPY_PHASE_STRIP = NO;
				ENABLE_STRICT_OBJC_MSGSEND = YES;
				GCC_C_LANGUAGE_STANDARD = gnu99;
				GCC_DYNAMIC_NO_PIC = NO;
				GCC_OPTIMIZATION_LEVEL = 0;
				GCC_PREPROCESSOR_DEFINITIONS = (
					"DEBUG=1",
					"$(inherited)",
				);
				GCC_SYMBOLS_PRIVATE_EXTERN = NO;
				GCC_WARN_64_TO_32_BIT_CONVERSION = YES;
				GCC_WARN_ABOUT_RETURN_TYPE = YES_ERROR;
				GCC_WARN_UNDECLARED_SELECTOR = YES;
				GCC_WARN_UNINITIALIZED_AUTOS = YES_AGGRESSIVE;
				GCC_WARN_UNUSED_FUNCTION = YES;
				GCC_WARN_UNUSED_VARIABLE = YES;
				IPHONEOS_DEPLOYMENT_TARGET = 8.1;
				MTL_ENABLE_DEBUG_INFO = YES;
				ONLY_ACTIVE_ARCH = YES;
				SDKROOT = iphoneos;
			};
			name = Debug;
		};
		60D7C4271B29172600FEECD6 /* Release */ = {
			isa = XCBuildConfiguration;
			buildSettings = {
				ALWAYS_SEARCH_USER_PATHS = NO;
				CLANG_CXX_LANGUAGE_STANDARD = "gnu++0x";
				CLANG_CXX_LIBRARY = "libc++";
				CLANG_ENABLE_MODULES = YES;
				CLANG_ENABLE_OBJC_ARC = YES;
				CLANG_WARN_BOOL_CONVERSION = YES;
				CLANG_WARN_CONSTANT_CONVERSION = YES;
				CLANG_WARN_DIRECT_OBJC_ISA_USAGE = YES_ERROR;
				CLANG_WARN_EMPTY_BODY = YES;
				CLANG_WARN_ENUM_CONVERSION = YES;
				CLANG_WARN_INT_CONVERSION = YES;
				CLANG_WARN_OBJC_ROOT_CLASS = YES_ERROR;
				CLANG_WARN_UNREACHABLE_CODE = YES;
				CLANG_WARN__DUPLICATE_METHOD_MATCH = YES;
				"CODE_SIGN_IDENTITY[sdk=iphoneos*]" = "iPhone Developer";
				COPY_PHASE_STRIP = YES;
				ENABLE_NS_ASSERTIONS = NO;
				ENABLE_STRICT_OBJC_MSGSEND = YES;
				GCC_C_LANGUAGE_STANDARD = gnu99;
				GCC_WARN_64_TO_32_BIT_CONVERSION = YES;
				GCC_WARN_ABOUT_RETURN_TYPE = YES_ERROR;
				GCC_WARN_UNDECLARED_SELECTOR = YES;
				GCC_WARN_UNINITIALIZED_AUTOS = YES_AGGRESSIVE;
				GCC_WARN_UNUSED_FUNCTION = YES;
				GCC_WARN_UNUSED_VARIABLE = YES;
				IPHONEOS_DEPLOYMENT_TARGET = 8.1;
				MTL_ENABLE_DEBUG_INFO = NO;
				SDKROOT = iphoneos;
				VALIDATE_PRODUCT = YES;
			};
			name = Release;
		};
		60D7C4291B29172600FEECD6 /* Debug */ = {
			isa = XCBuildConfiguration;
			baseConfigurationReference = 214E426890632EDE1A26C7B8 /* Pods.debug.xcconfig */;
			buildSettings = {
				ASSETCATALOG_COMPILER_APPICON_NAME = AppIcon;
				FRAMEWORK_SEARCH_PATHS = (
					"$(inherited)",
					"$(PROJECT_DIR)",
					"$(PROJECT_DIR)/ShareBarrierFree/UMSocial_Sdk_Extra_Frameworks/TencentOpenAPI",
				);
				GCC_PREFIX_HEADER = "ShareBarrierFree/ShareBarrierFree-Prefix.pch";
				INFOPLIST_FILE = ShareBarrierFree/Info.plist;
				IPHONEOS_DEPLOYMENT_TARGET = 8.0;
				LD_RUNPATH_SEARCH_PATHS = "$(inherited) @executable_path/Frameworks";
				LIBRARY_SEARCH_PATHS = (
					"$(inherited)",
					"$(PROJECT_DIR)/ShareBarrierFree/UMSocial_Sdk_4.2.3",
					"$(PROJECT_DIR)/ShareBarrierFree/UMSocial_Sdk_Extra_Frameworks/Sina",
					"$(PROJECT_DIR)/ShareBarrierFree/UMSocial_Sdk_Extra_Frameworks/TencentOpenAPI",
					"$(PROJECT_DIR)/ShareBarrierFree/UMSocial_Sdk_Extra_Frameworks/Wechat",
				);
				PRODUCT_NAME = "$(TARGET_NAME)";
				TARGETED_DEVICE_FAMILY = 1;
			};
			name = Debug;
		};
		60D7C42A1B29172600FEECD6 /* Release */ = {
			isa = XCBuildConfiguration;
			baseConfigurationReference = E580E817B2C76D083A15CA97 /* Pods.release.xcconfig */;
			buildSettings = {
				ASSETCATALOG_COMPILER_APPICON_NAME = AppIcon;
				FRAMEWORK_SEARCH_PATHS = (
					"$(inherited)",
					"$(PROJECT_DIR)",
					"$(PROJECT_DIR)/ShareBarrierFree/UMSocial_Sdk_Extra_Frameworks/TencentOpenAPI",
				);
				GCC_PREFIX_HEADER = "ShareBarrierFree/ShareBarrierFree-Prefix.pch";
				INFOPLIST_FILE = ShareBarrierFree/Info.plist;
				IPHONEOS_DEPLOYMENT_TARGET = 8.0;
				LD_RUNPATH_SEARCH_PATHS = "$(inherited) @executable_path/Frameworks";
				LIBRARY_SEARCH_PATHS = (
					"$(inherited)",
					"$(PROJECT_DIR)/ShareBarrierFree/UMSocial_Sdk_4.2.3",
					"$(PROJECT_DIR)/ShareBarrierFree/UMSocial_Sdk_Extra_Frameworks/Sina",
					"$(PROJECT_DIR)/ShareBarrierFree/UMSocial_Sdk_Extra_Frameworks/TencentOpenAPI",
					"$(PROJECT_DIR)/ShareBarrierFree/UMSocial_Sdk_Extra_Frameworks/Wechat",
				);
				PRODUCT_NAME = "$(TARGET_NAME)";
				TARGETED_DEVICE_FAMILY = 1;
			};
			name = Release;
		};
		60D7C42C1B29172600FEECD6 /* Debug */ = {
			isa = XCBuildConfiguration;
			buildSettings = {
				BUNDLE_LOADER = "$(TEST_HOST)";
				FRAMEWORK_SEARCH_PATHS = (
					"$(SDKROOT)/Developer/Library/Frameworks",
					"$(inherited)",
				);
				GCC_PREPROCESSOR_DEFINITIONS = (
					"DEBUG=1",
					"$(inherited)",
				);
				INFOPLIST_FILE = ShareBarrierFreeTests/Info.plist;
				LD_RUNPATH_SEARCH_PATHS = "$(inherited) @executable_path/Frameworks @loader_path/Frameworks";
				PRODUCT_NAME = "$(TARGET_NAME)";
				TEST_HOST = "$(BUILT_PRODUCTS_DIR)/ShareBarrierFree.app/ShareBarrierFree";
			};
			name = Debug;
		};
		60D7C42D1B29172600FEECD6 /* Release */ = {
			isa = XCBuildConfiguration;
			buildSettings = {
				BUNDLE_LOADER = "$(TEST_HOST)";
				FRAMEWORK_SEARCH_PATHS = (
					"$(SDKROOT)/Developer/Library/Frameworks",
					"$(inherited)",
				);
				INFOPLIST_FILE = ShareBarrierFreeTests/Info.plist;
				LD_RUNPATH_SEARCH_PATHS = "$(inherited) @executable_path/Frameworks @loader_path/Frameworks";
				PRODUCT_NAME = "$(TARGET_NAME)";
				TEST_HOST = "$(BUILT_PRODUCTS_DIR)/ShareBarrierFree.app/ShareBarrierFree";
			};
			name = Release;
		};
/* End XCBuildConfiguration section */

/* Begin XCConfigurationList section */
		60D7C4001B29172600FEECD6 /* Build configuration list for PBXProject "ShareBarrierFree" */ = {
			isa = XCConfigurationList;
			buildConfigurations = (
				60D7C4261B29172600FEECD6 /* Debug */,
				60D7C4271B29172600FEECD6 /* Release */,
			);
			defaultConfigurationIsVisible = 0;
			defaultConfigurationName = Release;
		};
		60D7C4281B29172600FEECD6 /* Build configuration list for PBXNativeTarget "ShareBarrierFree" */ = {
			isa = XCConfigurationList;
			buildConfigurations = (
				60D7C4291B29172600FEECD6 /* Debug */,
				60D7C42A1B29172600FEECD6 /* Release */,
			);
			defaultConfigurationIsVisible = 0;
			defaultConfigurationName = Release;
		};
		60D7C42B1B29172600FEECD6 /* Build configuration list for PBXNativeTarget "ShareBarrierFreeTests" */ = {
			isa = XCConfigurationList;
			buildConfigurations = (
				60D7C42C1B29172600FEECD6 /* Debug */,
				60D7C42D1B29172600FEECD6 /* Release */,
			);
			defaultConfigurationIsVisible = 0;
			defaultConfigurationName = Release;
		};
/* End XCConfigurationList section */
	};
	rootObject = 60D7C3FD1B29172600FEECD6 /* Project object */;
}
